
Microsoft Visual Studio Solution File, Format Version 12.00
# Visual Studio 15
VisualStudioVersion = 15.0.26124.0
MinimumVisualStudioVersion = 15.0.26124.0
Project("{2150E333-8FDC-42A3-9474-1A3956D46DE8}") = "src", "src", "{50EFB55B-57F9-4BCE-8432-400235CF8E92}"
EndProject
Project("{FAE04EC0-301F-11D3-BF4B-00C04F79EFBC}") = "Send", "src\Send\Send.csproj", "{CF1741C1-7CB2-4BBF-9F99-5031A1904B5E}"
EndProject
Project("{FAE04EC0-301F-11D3-BF4B-00C04F79EFBC}") = "Receive", "src\Receive\Receive.csproj", "{2FE46FC2-8D71-4A71-8FA4-D31FA980CBA3}"
EndProject
Global
	GlobalSection(SolutionConfigurationPlatforms) = preSolution
		Debug|Any CPU = Debug|Any CPU
		Debug|x64 = Debug|x64
		Debug|x86 = Debug|x86
		Release|Any CPU = Release|Any CPU
		Release|x64 = Release|x64
		Release|x86 = Release|x86
	EndGlobalSection
	GlobalSection(SolutionProperties) = preSolution
		HideSolutionNode = FALSE
	EndGlobalSection
	GlobalSection(ProjectConfigurationPlatforms) = postSolution
		{CF1741C1-7CB2-4BBF-9F99-5031A1904B5E}.Debug|Any CPU.ActiveCfg = Debug|Any CPU
		{CF1741C1-7CB2-4BBF-9F99-5031A1904B5E}.Debug|Any CPU.Build.0 = Debug|Any CPU
		{CF1741C1-7CB2-4BBF-9F99-5031A1904B5E}.Debug|x64.ActiveCfg = Debug|x64
		{CF1741C1-7CB2-4BBF-9F99-5031A1904B5E}.Debug|x64.Build.0 = Debug|x64
		{CF1741C1-7CB2-4BBF-9F99-5031A1904B5E}.Debug|x86.ActiveCfg = Debug|x86
		{CF1741C1-7CB2-4BBF-9F99-5031A1904B5E}.Debug|x86.Build.0 = Debug|x86
		{CF1741C1-7CB2-4BBF-9F99-5031A1904B5E}.Release|Any CPU.ActiveCfg = Release|Any CPU
		{CF1741C1-7CB2-4BBF-9F99-5031A1904B5E}.Release|Any CPU.Build.0 = Release|Any CPU
		{CF1741C1-7CB2-4BBF-9F99-5031A1904B5E}.Release|x64.ActiveCfg = Release|x64
		{CF1741C1-7CB2-4BBF-9F99-5031A1904B5E}.Release|x64.Build.0 = Release|x64
		{CF1741C1-7CB2-4BBF-9F99-5031A1904B5E}.Release|x86.ActiveCfg = Release|x86
		{CF1741C1-7CB2-4BBF-9F99-5031A1904B5E}.Release|x86.Build.0 = Release|x86
		{2FE46FC2-8D71-4A71-8FA4-D31FA980CBA3}.Debug|Any CPU.ActiveCfg = Debug|Any CPU
		{2FE46FC2-8D71-4A71-8FA4-D31FA980CBA3}.Debug|Any CPU.Build.0 = Debug|Any CPU
		{2FE46FC2-8D71-4A71-8FA4-D31FA980CBA3}.Debug|x64.ActiveCfg = Debug|x64
		{2FE46FC2-8D71-4A71-8FA4-D31FA980CBA3}.Debug|x64.Build.0 = Debug|x64
		{2FE46FC2-8D71-4A71-8FA4-D31FA980CBA3}.Debug|x86.ActiveCfg = Debug|x86
		{2FE46FC2-8D71-4A71-8FA4-D31FA980CBA3}.Debug|x86.Build.0 = Debug|x86
		{2FE46FC2-8D71-4A71-8FA4-D31FA980CBA3}.Release|Any CPU.ActiveCfg = Release|Any CPU
		{2FE46FC2-8D71-4A71-8FA4-D31FA980CBA3}.Release|Any CPU.Build.0 = Release|Any CPU
		{2FE46FC2-8D71-4A71-8FA4-D31FA980CBA3}.Release|x64.ActiveCfg = Release|x64
		{2FE46FC2-8D71-4A71-8FA4-D31FA980CBA3}.Release|x64.Build.0 = Release|x64
		{2FE46FC2-8D71-4A71-8FA4-D31FA980CBA3}.Release|x86.ActiveCfg = Release|x86
		{2FE46FC2-8D71-4A71-8FA4-D31FA980CBA3}.Release|x86.Build.0 = Release|x86
	EndGlobalSection
	GlobalSection(NestedProjects) = preSolution
		{CF1741C1-7CB2-4BBF-9F99-5031A1904B5E} = {50EFB55B-57F9-4BCE-8432-400235CF8E92}
		{2FE46FC2-8D71-4A71-8FA4-D31FA980CBA3} = {50EFB55B-57F9-4BCE-8432-400235CF8E92}
	EndGlobalSection
EndGlobal
